{
  "requires": true,
  "lockfileVersion": 1,
  "dependencies": {
    "@types/pubsub-js": {
      "version": "1.8.2",
      "resolved": "https://registry.npmjs.org/@types/pubsub-js/-/pubsub-js-1.8.2.tgz",
      "integrity": "sha512-cj3ZoAopr2ZmUYwRuXUiq48PlfNj5sBcUIkBnSJunfXlmf6y8o2kx4l70h1X1j0fR3IBorPrPM3B9SoyWwoqLg==",
      "dev": true
    },
    "PubSub": {
      "version": "4.0.0",
      "resolved": "https://registry.npmjs.org/PubSub/-/PubSub-4.0.0.tgz",
      "integrity": "sha512-3YKlKutT8DC6/XNq++XK/aRoyr1kyv9WOAdANwjL1GeBjkF1eI4CylzhqFvxhrstkOSRebZwQ/PNQgkz1N5mvg=="
    },
    "pubsub-js": {
      "version": "1.9.2",
      "resolved": "https://registry.npmjs.org/pubsub-js/-/pubsub-js-1.9.2.tgz",
      "integrity": "sha512-t+djzDvEKv4GoP5nPJ5Ar5h+4MrwPw+C9/9l75GV8TzO49HezXnxR1G6E/QJZdE2EDsXRNMu6O9MFjpjkSV7zg=="
    }
  }
}
