{
  "name": "utopia",
  "version": "0.1.0",
  "lockfileVersion": 1,
  "requires": true,
  "dependencies": {
    "husky": {
      "version": "7.0.2",
      "resolved": "https://registry.npmjs.org/husky/-/husky-7.0.2.tgz",
      "integrity": "sha512-8yKEWNX4z2YsofXAMT7KvA1g8p+GxtB1ffV8XtpAEGuXNAbCV5wdNKH+qTpw8SM9fh4aMPDR+yQuKfgnreyZlg==",
      "dev": true
    }
  }
}
