lockfileVersion: 5.4

specifiers:
  '@types/path-browserify': ^1.0.0
  husky: ^7.0.2
  path-browserify: ^1.0.1

dependencies:
  path-browserify: 1.0.1

devDependencies:
  '@types/path-browserify': 1.0.0
  husky: 7.0.2

packages:

  /@types/path-browserify/1.0.0:
    resolution: {integrity: sha512-XMCcyhSvxcch8b7rZAtFAaierBYdeHXVvg2iYnxOV0MCQHmPuRRmGZPFDRzPayxcGiiSL1Te9UIO+f3cuj0tfw==}
    dev: true

  /husky/7.0.2:
    resolution: {integrity: sha512-8yKEWNX4z2YsofXAMT7KvA1g8p+GxtB1ffV8XtpAEGuXNAbCV5wdNKH+qTpw8SM9fh4aMPDR+yQuKfgnreyZlg==}
    engines: {node: '>=12'}
    hasBin: true
    dev: true

  /path-browserify/1.0.1:
    resolution: {integrity: sha512-b7uo2UCUOYZcnF/3ID0lulOJi/bafxa1xPe7ZPsammBSpjSWQkjNxlt635YGS2MiR9GjvuXCtz2emr3jbsz98g==}
    dev: false
