lockfileVersion: 5.3

specifiers:
  husky: ^7.0.2
  localforage: ^1.10.0

dependencies:
  localforage: 1.10.0

devDependencies:
  husky: 7.0.2

packages:

  /husky/7.0.2:
    resolution: {integrity: sha512-8yKEWNX4z2YsofXAMT7KvA1g8p+GxtB1ffV8XtpAEGuXNAbCV5wdNKH+qTpw8SM9fh4aMPDR+yQuKfgnreyZlg==}
    engines: {node: '>=12'}
    hasBin: true
    dev: true

  /immediate/3.0.6:
    resolution: {integrity: sha1-nbHb0Pr43m++D13V5Wu2BigN5ps=}
    dev: false

  /lie/3.1.1:
    resolution: {integrity: sha1-mkNrLMd0bKWd56QfpGmz77dr2H4=}
    dependencies:
      immediate: 3.0.6
    dev: false

  /localforage/1.10.0:
    resolution: {integrity: sha512-14/H1aX7hzBBmmh7sGPd+AOMkkIrHM3Z1PAyGgZigA1H1p5O5ANnMyWzvpAETtG68/dC4pC0ncy3+PPGzXZHPg==}
    dependencies:
      lie: 3.1.1
    dev: false
