lockfileVersion: 5.4

specifiers:
  typescript: ^5.4.5

devDependencies:
  typescript: 5.4.5

packages:

  /typescript/5.4.5:
    resolution: {integrity: sha512-vcI4UpRgg81oIRUFwR0WSIHKt11nJ7SAVlYNIu+QpqeyXP+gpQJy/Z4+F0aGxSE4MqwjyXvW/TzgkLAx2AGHwQ==}
    engines: {node: '>=14.17'}
    hasBin: true
    dev: true
